# Generated by pub
# See https://dart.dev/tools/pub/glossary#lockfile
packages:
  meta:
    dependency: "direct main"
    description:
      name: meta
      sha256: c82594181e3312f3d0695fc95aaaf7758d75b8d4ae2bbecf223b9fd5109a059d
      url: "https://pub.dev"
    source: hosted
    version: "1.18.3"
sdks:
  dart: ">=3.5.0 <4.0.0"
